pandas==2.2.3
psycopg[binary]==3.2.3
numpy==1.26.4
pytz==2024.1
python-dateutil==2.8.2
six==1.16.0
tzdata==2024.1
azure-storage-blob==12.19.0
azure-core==1.29.5
typing_extensions==4.14.1
requests==2.31.0
urllib3==2.0.7
certifi==2023.11.17
charset-normalizer==3.3.2
idna==3.6
cryptography==42.0.8
cffi==1.16.0
pycparser==2.21
isodate==0.7.2